
Microsoft Visual Studio Solution File, Format Version 12.00
# Visual Studio 14
VisualStudioVersion = 14.0.25420.1
MinimumVisualStudioVersion = 10.0.40219.1
Project("{FAE04EC0-301F-11D3-BF4B-00C04F79EFBC}") = "Tictac version1.0", "Tictac version1.0.csproj", "{0715AE81-8F41-4F8B-AC8B-A27F5C0C0113}"
EndProject
Global
	GlobalSection(SolutionConfigurationPlatforms) = preSolution
		Debug|Any CPU = Debug|Any CPU
		Debug|ARM = Debug|ARM
		Debug|x86 = Debug|x86
		Release|Any CPU = Release|Any CPU
		Release|ARM = Release|ARM
		Release|x86 = Release|x86
	EndGlobalSection
	GlobalSection(ProjectConfigurationPlatforms) = postSolution
		{0715AE81-8F41-4F8B-AC8B-A27F5C0C0113}.Debug|Any CPU.ActiveCfg = Debug|Any CPU
		{0715AE81-8F41-4F8B-AC8B-A27F5C0C0113}.Debug|Any CPU.Build.0 = Debug|Any CPU
		{0715AE81-8F41-4F8B-AC8B-A27F5C0C0113}.Debug|Any CPU.Deploy.0 = Debug|Any CPU
		{0715AE81-8F41-4F8B-AC8B-A27F5C0C0113}.Debug|ARM.ActiveCfg = Debug|ARM
		{0715AE81-8F41-4F8B-AC8B-A27F5C0C0113}.Debug|ARM.Build.0 = Debug|ARM
		{0715AE81-8F41-4F8B-AC8B-A27F5C0C0113}.Debug|ARM.Deploy.0 = Debug|ARM
		{0715AE81-8F41-4F8B-AC8B-A27F5C0C0113}.Debug|x86.ActiveCfg = Debug|x86
		{0715AE81-8F41-4F8B-AC8B-A27F5C0C0113}.Debug|x86.Build.0 = Debug|x86
		{0715AE81-8F41-4F8B-AC8B-A27F5C0C0113}.Debug|x86.Deploy.0 = Debug|x86
		{0715AE81-8F41-4F8B-AC8B-A27F5C0C0113}.Release|Any CPU.ActiveCfg = Release|Any CPU
		{0715AE81-8F41-4F8B-AC8B-A27F5C0C0113}.Release|Any CPU.Build.0 = Release|Any CPU
		{0715AE81-8F41-4F8B-AC8B-A27F5C0C0113}.Release|Any CPU.Deploy.0 = Release|Any CPU
		{0715AE81-8F41-4F8B-AC8B-A27F5C0C0113}.Release|ARM.ActiveCfg = Release|ARM
		{0715AE81-8F41-4F8B-AC8B-A27F5C0C0113}.Release|ARM.Build.0 = Release|ARM
		{0715AE81-8F41-4F8B-AC8B-A27F5C0C0113}.Release|ARM.Deploy.0 = Release|ARM
		{0715AE81-8F41-4F8B-AC8B-A27F5C0C0113}.Release|x86.ActiveCfg = Release|x86
		{0715AE81-8F41-4F8B-AC8B-A27F5C0C0113}.Release|x86.Build.0 = Release|x86
		{0715AE81-8F41-4F8B-AC8B-A27F5C0C0113}.Release|x86.Deploy.0 = Release|x86
	EndGlobalSection
	GlobalSection(SolutionProperties) = preSolution
		HideSolutionNode = FALSE
	EndGlobalSection
EndGlobal
